// !$*UTF8*$!
{
	archiveVersion = 1;
	classes = {
	};
	objectVersion = 50;
	objects = {

/* Begin PBXBuildFile section */
		F20955A8226373AC00FF9224 /* AppDelegate.swift in Sources */ = {isa = PBXBuildFile; fileRef = F20955A7226373AC00FF9224 /* AppDelegate.swift */; };
		F20955AA226373AC00FF9224 /* ViewController.swift in Sources */ = {isa = PBXBuildFile; fileRef = F20955A9226373AC00FF9224 /* ViewController.swift */; };
		F20955AD226373AC00FF9224 /* Main.storyboard in Resources */ = {isa = PBXBuildFile; fileRef = F20955AB226373AC00FF9224 /* Main.storyboard */; };
		F20955AF226373AE00FF9224 /* Assets.xcassets in Resources */ = {isa = PBXBuildFile; fileRef = F20955AE226373AE00FF9224 /* Assets.xcassets */; };
		F20955B2226373AE00FF9224 /* LaunchScreen.storyboard in Resources */ = {isa = PBXBuildFile; fileRef = F20955B0226373AE00FF9224 /* LaunchScreen.storyboard */; };
		F20955BC226381CF00FF9224 /* SwitchStatus.swift in Sources */ = {isa = PBXBuildFile; fileRef = F20955BB226381CF00FF9224 /* SwitchStatus.swift */; };
		F20955BE2263823100FF9224 /* Toggleble.swift in Sources */ = {isa = PBXBuildFile; fileRef = F20955BD2263823100FF9224 /* Toggleble.swift */; };
/* End PBXBuildFile section */

/* Begin PBXFileReference section */
		F20955A4226373AC00FF9224 /* Eluxon.app */ = {isa = PBXFileReference; explicitFileType = wrapper.application; includeInIndex = 0; path = Eluxon.app; sourceTree = BUILT_PRODUCTS_DIR; };
		F20955A7226373AC00FF9224 /* AppDelegate.swift */ = {isa = PBXFileReference; lastKnownFileType = sourcecode.swift; path = AppDelegate.swift; sourceTree = "<group>"; };
		F20955A9226373AC00FF9224 /* ViewController.swift */ = {isa = PBXFileReference; lastKnownFileType = sourcecode.swift; path = ViewController.swift; sourceTree = "<group>"; };
		F20955AC226373AC00FF9224 /* Base */ = {isa = PBXFileReference; lastKnownFileType = file.storyboard; name = Base; path = Base.lproj/Main.storyboard; sourceTree = "<group>"; };
		F20955AE226373AE00FF9224 /* Assets.xcassets */ = {isa = PBXFileReference; lastKnownFileType = folder.assetcatalog; path = Assets.xcassets; sourceTree = "<group>"; };
		F20955B1226373AE00FF9224 /* Base */ = {isa = PBXFileReference; lastKnownFileType = file.storyboard; name = Base; path = Base.lproj/LaunchScreen.storyboard; sourceTree = "<group>"; };
		F20955B3226373AE00FF9224 /* Info.plist */ = {isa = PBXFileReference; lastKnownFileType = text.plist.xml; path = Info.plist; sourceTree = "<group>"; };
		F20955BB226381CF00FF9224 /* SwitchStatus.swift */ = {isa = PBXFileReference; lastKnownFileType = sourcecode.swift; path = SwitchStatus.swift; sourceTree = "<group>"; };
		F20955BD2263823100FF9224 /* Toggleble.swift */ = {isa = PBXFileReference; lastKnownFileType = sourcecode.swift; path = Toggleble.swift; sourceTree = "<group>"; };
/* End PBXFileReference section */

/* Begin PBXFrameworksBuildPhase section */
		F20955A1226373AC00FF9224 /* Frameworks */ = {
			isa = PBXFrameworksBuildPhase;
			buildActionMask = 2147483647;
			files = (
			);
			runOnlyForDeploymentPostprocessing = 0;
		};
/* End PBXFrameworksBuildPhase section */

/* Begin PBXGroup section */
		F209559B226373AC00FF9224 = {
			isa = PBXGroup;
			children = (
				F20955A6226373AC00FF9224 /* Eluxon */,
				F20955A5226373AC00FF9224 /* Products */,
			);
			sourceTree = "<group>";
		};
		F20955A5226373AC00FF9224 /* Products */ = {
			isa = PBXGroup;
			children = (
				F20955A4226373AC00FF9224 /* Eluxon.app */,
			);
			name = Products;
			sourceTree = "<group>";
		};
		F20955A6226373AC00FF9224 /* Eluxon */ = {
			isa = PBXGroup;
			children = (
				F20955BA2263819100FF9224 /* Protocols */,
				F20955B92263818200FF9224 /* Enums */,
				F20955A7226373AC00FF9224 /* AppDelegate.swift */,
				F20955A9226373AC00FF9224 /* ViewController.swift */,
				F20955AB226373AC00FF9224 /* Main.storyboard */,
				F20955AE226373AE00FF9224 /* Assets.xcassets */,
				F20955B0226373AE00FF9224 /* LaunchScreen.storyboard */,
				F20955B3226373AE00FF9224 /* Info.plist */,
			);
			path = Eluxon;
			sourceTree = "<group>";
		};
		F20955B92263818200FF9224 /* Enums */ = {
			isa = PBXGroup;
			children = (
				F20955BB226381CF00FF9224 /* SwitchStatus.swift */,
			);
			path = Enums;
			sourceTree = "<group>";
		};
		F20955BA2263819100FF9224 /* Protocols */ = {
			isa = PBXGroup;
			children = (
				F20955BD2263823100FF9224 /* Toggleble.swift */,
			);
			path = Protocols;
			sourceTree = "<group>";
		};
/* End PBXGroup section */

/* Begin PBXNativeTarget section */
		F20955A3226373AC00FF9224 /* Eluxon */ = {
			isa = PBXNativeTarget;
			buildConfigurationList = F20955B6226373AE00FF9224 /* Build configuration list for PBXNativeTarget "Eluxon" */;
			buildPhases = (
				F20955A0226373AC00FF9224 /* Sources */,
				F20955A1226373AC00FF9224 /* Frameworks */,
				F20955A2226373AC00FF9224 /* Resources */,
			);
			buildRules = (
			);
			dependencies = (
			);
			name = Eluxon;
			productName = Eluxon;
			productReference = F20955A4226373AC00FF9224 /* Eluxon.app */;
			productType = "com.apple.product-type.application";
		};
/* End PBXNativeTarget section */

/* Begin PBXProject section */
		F209559C226373AC00FF9224 /* Project object */ = {
			isa = PBXProject;
			attributes = {
				LastSwiftUpdateCheck = 1010;
				LastUpgradeCheck = 1010;
				ORGANIZATIONNAME = "Вовк Ольга'";
				TargetAttributes = {
					F20955A3226373AC00FF9224 = {
						CreatedOnToolsVersion = 10.1;
					};
				};
			};
			buildConfigurationList = F209559F226373AC00FF9224 /* Build configuration list for PBXProject "Eluxon" */;
			compatibilityVersion = "Xcode 9.3";
			developmentRegion = en;
			hasScannedForEncodings = 0;
			knownRegions = (
				en,
				Base,
			);
			mainGroup = F209559B226373AC00FF9224;
			productRefGroup = F20955A5226373AC00FF9224 /* Products */;
			projectDirPath = "";
			projectRoot = "";
			targets = (
				F20955A3226373AC00FF9224 /* Eluxon */,
			);
		};
/* End PBXProject section */

/* Begin PBXResourcesBuildPhase section */
		F20955A2226373AC00FF9224 /* Resources */ = {
			isa = PBXResourcesBuildPhase;
			buildActionMask = 2147483647;
			files = (
				F20955B2226373AE00FF9224 /* LaunchScreen.storyboard in Resources */,
				F20955AF226373AE00FF9224 /* Assets.xcassets in Resources */,
				F20955AD226373AC00FF9224 /* Main.storyboard in Resources */,
			);
			runOnlyForDeploymentPostprocessing = 0;
		};
/* End PBXResourcesBuildPhase section */

/* Begin PBXSourcesBuildPhase section */
		F20955A0226373AC00FF9224 /* Sources */ = {
			isa = PBXSourcesBuildPhase;
			buildActionMask = 2147483647;
			files = (
				F20955AA226373AC00FF9224 /* ViewController.swift in Sources */,
				F20955A8226373AC00FF9224 /* AppDelegate.swift in Sources */,
				F20955BC226381CF00FF9224 /* SwitchStatus.swift in Sources */,
				F20955BE2263823100FF9224 /* Toggleble.swift in Sources */,
			);
			runOnlyForDeploymentPostprocessing = 0;
		};
/* End PBXSourcesBuildPhase section */

/* Begin PBXVariantGroup section */
		F20955AB226373AC00FF9224 /* Main.storyboard */ = {
			isa = PBXVariantGroup;
			children = (
				F20955AC226373AC00FF9224 /* Base */,
			);
			name = Main.storyboard;
			sourceTree = "<group>";
		};
		F20955B0226373AE00FF9224 /* LaunchScreen.storyboard */ = {
			isa = PBXVariantGroup;
			children = (
				F20955B1226373AE00FF9224 /* Base */,
			);
			name = LaunchScreen.storyboard;
			sourceTree = "<group>";
		};
/* End PBXVariantGroup section */

/* Begin XCBuildConfiguration section */
		F20955B4226373AE00FF9224 /* Debug */ = {
			isa = XCBuildConfiguration;
			buildSettings = {
				ALWAYS_SEARCH_USER_PATHS = NO;
				CLANG_ANALYZER_NONNULL = YES;
				CLANG_ANALYZER_NUMBER_OBJECT_CONVERSION = YES_AGGRESSIVE;
				CLANG_CXX_LANGUAGE_STANDARD = "gnu++14";
				CLANG_CXX_LIBRARY = "libc++";
				CLANG_ENABLE_MODULES = YES;
				CLANG_ENABLE_OBJC_ARC = YES;
				CLANG_ENABLE_OBJC_WEAK = YES;
				CLANG_WARN_BLOCK_CAPTURE_AUTORELEASING = YES;
				CLANG_WARN_BOOL_CONVERSION = YES;
				CLANG_WARN_COMMA = YES;
				CLANG_WARN_CONSTANT_CONVERSION = YES;
				CLANG_WARN_DEPRECATED_OBJC_IMPLEMENTATIONS = YES;
				CLANG_WARN_DIRECT_OBJC_ISA_USAGE = YES_ERROR;
				CLANG_WARN_DOCUMENTATION_COMMENTS = YES;
				CLANG_WARN_EMPTY_BODY = YES;
				CLANG_WARN_ENUM_CONVERSION = YES;
				CLANG_WARN_INFINITE_RECURSION = YES;
				CLANG_WARN_INT_CONVERSION = YES;
				CLANG_WARN_NON_LITERAL_NULL_CONVERSION = YES;
				CLANG_WARN_OBJC_IMPLICIT_RETAIN_SELF = YES;
				CLANG_WARN_OBJC_LITERAL_CONVERSION = YES;
				CLANG_WARN_OBJC_ROOT_CLASS = YES_ERROR;
				CLANG_WARN_RANGE_LOOP_ANALYSIS = YES;
				CLANG_WARN_STRICT_PROTOTYPES = YES;
				CLANG_WARN_SUSPICIOUS_MOVE = YES;
				CLANG_WARN_UNGUARDED_AVAILABILITY = YES_AGGRESSIVE;
				CLANG_WARN_UNREACHABLE_CODE = YES;
				CLANG_WARN__DUPLICATE_METHOD_MATCH = YES;
				CODE_SIGN_IDENTITY = "iPhone Developer";
				COPY_PHASE_STRIP = NO;
				DEBUG_INFORMATION_FORMAT = dwarf;
				ENABLE_STRICT_OBJC_MSGSEND = YES;
				ENABLE_TESTABILITY = YES;
				GCC_C_LANGUAGE_STANDARD = gnu11;
				GCC_DYNAMIC_NO_PIC = NO;
				GCC_NO_COMMON_BLOCKS = YES;
				GCC_OPTIMIZATION_LEVEL = 0;
				GCC_PREPROCESSOR_DEFINITIONS = (
					"DEBUG=1",
					"$(inherited)",
				);
				GCC_WARN_64_TO_32_BIT_CONVERSION = YES;
				GCC_WARN_ABOUT_RETURN_TYPE = YES_ERROR;
				GCC_WARN_UNDECLARED_SELECTOR = YES;
				GCC_WARN_UNINITIALIZED_AUTOS = YES_AGGRESSIVE;
				GCC_WARN_UNUSED_FUNCTION = YES;
				GCC_WARN_UNUSED_VARIABLE = YES;
				IPHONEOS_DEPLOYMENT_TARGET = 12.1;
				MTL_ENABLE_DEBUG_INFO = INCLUDE_SOURCE;
				MTL_FAST_MATH = YES;
				ONLY_ACTIVE_ARCH = YES;
				SDKROOT = iphoneos;
				SWIFT_ACTIVE_COMPILATION_CONDITIONS = DEBUG;
				SWIFT_OPTIMIZATION_LEVEL = "-Onone";
			};
			name = Debug;
		};
		F20955B5226373AE00FF9224 /* Release */ = {
			isa = XCBuildConfiguration;
			buildSettings = {
				ALWAYS_SEARCH_USER_PATHS = NO;
				CLANG_ANALYZER_NONNULL = YES;
				CLANG_ANALYZER_NUMBER_OBJECT_CONVERSION = YES_AGGRESSIVE;
				CLANG_CXX_LANGUAGE_STANDARD = "gnu++14";
				CLANG_CXX_LIBRARY = "libc++";
				CLANG_ENABLE_MODULES = YES;
				CLANG_ENABLE_OBJC_ARC = YES;
				CLANG_ENABLE_OBJC_WEAK = YES;
				CLANG_WARN_BLOCK_CAPTURE_AUTORELEASING = YES;
				CLANG_WARN_BOOL_CONVERSION = YES;
				CLANG_WARN_COMMA = YES;
				CLANG_WARN_CONSTANT_CONVERSION = YES;
				CLANG_WARN_DEPRECATED_OBJC_IMPLEMENTATIONS = YES;
				CLANG_WARN_DIRECT_OBJC_ISA_USAGE = YES_ERROR;
				CLANG_WARN_DOCUMENTATION_COMMENTS = YES;
				CLANG_WARN_EMPTY_BODY = YES;
				CLANG_WARN_ENUM_CONVERSION = YES;
				CLANG_WARN_INFINITE_RECURSION = YES;
				CLANG_WARN_INT_CONVERSION = YES;
				CLANG_WARN_NON_LITERAL_NULL_CONVERSION = YES;
				CLANG_WARN_OBJC_IMPLICIT_RETAIN_SELF = YES;
				CLANG_WARN_OBJC_LITERAL_CONVERSION = YES;
				CLANG_WARN_OBJC_ROOT_CLASS = YES_ERROR;
				CLANG_WARN_RANGE_LOOP_ANALYSIS = YES;
				CLANG_WARN_STRICT_PROTOTYPES = YES;
				CLANG_WARN_SUSPICIOUS_MOVE = YES;
				CLANG_WARN_UNGUARDED_AVAILABILITY = YES_AGGRESSIVE;
				CLANG_WARN_UNREACHABLE_CODE = YES;
				CLANG_WARN__DUPLICATE_METHOD_MATCH = YES;
				CODE_SIGN_IDENTITY = "iPhone Developer";
				COPY_PHASE_STRIP = NO;
				DEBUG_INFORMATION_FORMAT = "dwarf-with-dsym";
				ENABLE_NS_ASSERTIONS = NO;
				ENABLE_STRICT_OBJC_MSGSEND = YES;
				GCC_C_LANGUAGE_STANDARD = gnu11;
				GCC_NO_COMMON_BLOCKS = YES;
				GCC_WARN_64_TO_32_BIT_CONVERSION = YES;
				GCC_WARN_ABOUT_RETURN_TYPE = YES_ERROR;
				GCC_WARN_UNDECLARED_SELECTOR = YES;
				GCC_WARN_UNINITIALIZED_AUTOS = YES_AGGRESSIVE;
				GCC_WARN_UNUSED_FUNCTION = YES;
				GCC_WARN_UNUSED_VARIABLE = YES;
				IPHONEOS_DEPLOYMENT_TARGET = 12.1;
				MTL_ENABLE_DEBUG_INFO = NO;
				MTL_FAST_MATH = YES;
				SDKROOT = iphoneos;
				SWIFT_COMPILATION_MODE = wholemodule;
				SWIFT_OPTIMIZATION_LEVEL = "-O";
				VALIDATE_PRODUCT = YES;
			};
			name = Release;
		};
		F20955B7226373AE00FF9224 /* Debug */ = {
			isa = XCBuildConfiguration;
			buildSettings = {
				ASSETCATALOG_COMPILER_APPICON_NAME = AppIcon;
				CODE_SIGN_STYLE = Automatic;
				DEVELOPMENT_TEAM = 9WU55MK2SW;
				INFOPLIST_FILE = Eluxon/Info.plist;
				IPHONEOS_DEPLOYMENT_TARGET = 11.0;
				LD_RUNPATH_SEARCH_PATHS = (
					"$(inherited)",
					"@executable_path/Frameworks",
				);
				PRODUCT_BUNDLE_IDENTIFIER = com.my.project.Eluxon;
				PRODUCT_NAME = "$(TARGET_NAME)";
				SWIFT_VERSION = 4.2;
				TARGETED_DEVICE_FAMILY = "1,2";
			};
			name = Debug;
		};
		F20955B8226373AE00FF9224 /* Release */ = {
			isa = XCBuildConfiguration;
			buildSettings = {
				ASSETCATALOG_COMPILER_APPICON_NAME = AppIcon;
				CODE_SIGN_STYLE = Automatic;
				DEVELOPMENT_TEAM = 9WU55MK2SW;
				INFOPLIST_FILE = Eluxon/Info.plist;
				IPHONEOS_DEPLOYMENT_TARGET = 11.0;
				LD_RUNPATH_SEARCH_PATHS = (
					"$(inherited)",
					"@executable_path/Frameworks",
				);
				PRODUCT_BUNDLE_IDENTIFIER = com.my.project.Eluxon;
				PRODUCT_NAME = "$(TARGET_NAME)";
				SWIFT_VERSION = 4.2;
				TARGETED_DEVICE_FAMILY = "1,2";
			};
			name = Release;
		};
/* End XCBuildConfiguration section */

/* Begin XCConfigurationList section */
		F209559F226373AC00FF9224 /* Build configuration list for PBXProject "Eluxon" */ = {
			isa = XCConfigurationList;
			buildConfigurations = (
				F20955B4226373AE00FF9224 /* Debug */,
				F20955B5226373AE00FF9224 /* Release */,
			);
			defaultConfigurationIsVisible = 0;
			defaultConfigurationName = Release;
		};
		F20955B6226373AE00FF9224 /* Build configuration list for PBXNativeTarget "Eluxon" */ = {
			isa = XCConfigurationList;
			buildConfigurations = (
				F20955B7226373AE00FF9224 /* Debug */,
				F20955B8226373AE00FF9224 /* Release */,
			);
			defaultConfigurationIsVisible = 0;
			defaultConfigurationName = Release;
		};
/* End XCConfigurationList section */
	};
	rootObject = F209559C226373AC00FF9224 /* Project object */;
}
